
Microsoft Visual Studio Solution File, Format Version 12.00
# Visual Studio Version 16
VisualStudioVersion = 16.0.31729.503
MinimumVisualStudioVersion = 10.0.40219.1
Project("{FAE04EC0-301F-11D3-BF4B-00C04F79EFBC}") = "Invoices1", "Invoices1\Invoices1.csproj", "{C3C9B34D-D18E-448A-AB65-B578B52F342A}"
EndProject
Global
	GlobalSection(SolutionConfigurationPlatforms) = preSolution
		Debug|Any CPU = Debug|Any CPU
		Release|Any CPU = Release|Any CPU
	EndGlobalSection
	GlobalSection(ProjectConfigurationPlatforms) = postSolution
		{C3C9B34D-D18E-448A-AB65-B578B52F342A}.Debug|Any CPU.ActiveCfg = Debug|Any CPU
		{C3C9B34D-D18E-448A-AB65-B578B52F342A}.Debug|Any CPU.Build.0 = Debug|Any CPU
		{C3C9B34D-D18E-448A-AB65-B578B52F342A}.Release|Any CPU.ActiveCfg = Release|Any CPU
		{C3C9B34D-D18E-448A-AB65-B578B52F342A}.Release|Any CPU.Build.0 = Release|Any CPU
	EndGlobalSection
	GlobalSection(SolutionProperties) = preSolution
		HideSolutionNode = FALSE
	EndGlobalSection
	GlobalSection(ExtensibilityGlobals) = postSolution
		SolutionGuid = {1FE3D647-2C11-43AD-8769-0E2A33C47206}
	EndGlobalSection
EndGlobal
